
Microsoft Visual Studio Solution File, Format Version 12.00
# Visual Studio 15
VisualStudioVersion = 15.0.27703.2042
MinimumVisualStudioVersion = 10.0.40219.1
Project("{FAE04EC0-301F-11D3-BF4B-00C04F79EFBC}") = "Test", "Test.csproj", "{085E6D72-3146-4144-8853-2F6D7E7A02E3}"
EndProject
Global
	GlobalSection(SolutionConfigurationPlatforms) = preSolution
		Debug|Any CPU = Debug|Any CPU
		Release|Any CPU = Release|Any CPU
	EndGlobalSection
	GlobalSection(ProjectConfigurationPlatforms) = postSolution
		{085E6D72-3146-4144-8853-2F6D7E7A02E3}.Debug|Any CPU.ActiveCfg = Debug|Any CPU
		{085E6D72-3146-4144-8853-2F6D7E7A02E3}.Debug|Any CPU.Build.0 = Debug|Any CPU
		{085E6D72-3146-4144-8853-2F6D7E7A02E3}.Release|Any CPU.ActiveCfg = Release|Any CPU
		{085E6D72-3146-4144-8853-2F6D7E7A02E3}.Release|Any CPU.Build.0 = Release|Any CPU
	EndGlobalSection
	GlobalSection(SolutionProperties) = preSolution
		HideSolutionNode = FALSE
	EndGlobalSection
	GlobalSection(ExtensibilityGlobals) = postSolution
		SolutionGuid = {847E4603-220A-4C0A-AA36-286086D66325}
	EndGlobalSection
EndGlobal
