
Microsoft Visual Studio Solution File, Format Version 12.00
# Visual Studio 15
VisualStudioVersion = 15.0.26430.4
MinimumVisualStudioVersion = 10.0.40219.1
Project("{FAE04EC0-301F-11D3-BF4B-00C04F79EFBC}") = "TestApp", "TestApp\TestApp.csproj", "{72C359A5-3F27-4704-9E6F-C48FCB74C2F2}"
EndProject
Project("{FAE04EC0-301F-11D3-BF4B-00C04F79EFBC}") = "TextDiff", "TextDiff\TextDiff.csproj", "{594DF994-1BD2-434C-99B6-40B2B8212E0F}"
EndProject
Global
	GlobalSection(SolutionConfigurationPlatforms) = preSolution
		Debug|Any CPU = Debug|Any CPU
		Debug|x64 = Debug|x64
		Release|Any CPU = Release|Any CPU
		Release|x64 = Release|x64
	EndGlobalSection
	GlobalSection(ProjectConfigurationPlatforms) = postSolution
		{72C359A5-3F27-4704-9E6F-C48FCB74C2F2}.Debug|Any CPU.ActiveCfg = Debug|x64
		{72C359A5-3F27-4704-9E6F-C48FCB74C2F2}.Debug|Any CPU.Build.0 = Debug|x64
		{72C359A5-3F27-4704-9E6F-C48FCB74C2F2}.Debug|x64.ActiveCfg = Debug|x64
		{72C359A5-3F27-4704-9E6F-C48FCB74C2F2}.Debug|x64.Build.0 = Debug|x64
		{72C359A5-3F27-4704-9E6F-C48FCB74C2F2}.Release|Any CPU.ActiveCfg = Release|x64
		{72C359A5-3F27-4704-9E6F-C48FCB74C2F2}.Release|x64.ActiveCfg = Release|x64
		{72C359A5-3F27-4704-9E6F-C48FCB74C2F2}.Release|x64.Build.0 = Release|x64
		{594DF994-1BD2-434C-99B6-40B2B8212E0F}.Debug|Any CPU.ActiveCfg = Debug|Any CPU
		{594DF994-1BD2-434C-99B6-40B2B8212E0F}.Debug|Any CPU.Build.0 = Debug|Any CPU
		{594DF994-1BD2-434C-99B6-40B2B8212E0F}.Debug|x64.ActiveCfg = Debug|Any CPU
		{594DF994-1BD2-434C-99B6-40B2B8212E0F}.Debug|x64.Build.0 = Debug|Any CPU
		{594DF994-1BD2-434C-99B6-40B2B8212E0F}.Release|Any CPU.ActiveCfg = Release|Any CPU
		{594DF994-1BD2-434C-99B6-40B2B8212E0F}.Release|Any CPU.Build.0 = Release|Any CPU
		{594DF994-1BD2-434C-99B6-40B2B8212E0F}.Release|x64.ActiveCfg = Release|Any CPU
		{594DF994-1BD2-434C-99B6-40B2B8212E0F}.Release|x64.Build.0 = Release|Any CPU
	EndGlobalSection
	GlobalSection(SolutionProperties) = preSolution
		HideSolutionNode = FALSE
	EndGlobalSection
	GlobalSection(ExtensibilityGlobals) = postSolution
		SolutionGuid = {72818CF3-9E78-49B7-95E0-23E211B40CFD}
	EndGlobalSection
EndGlobal
